
Microsoft Visual Studio Solution File, Format Version 12.00
# Visual Studio 15
VisualStudioVersion = 15.0.28307.168
MinimumVisualStudioVersion = 10.0.40219.1
Project("{FAE04EC0-301F-11D3-BF4B-00C04F79EFBC}") = "PixelFruitGenerator", "PixelFruitGenerator\PixelFruitGenerator.csproj", "{C99E0271-2272-411F-8E58-8D02479EFCD1}"
EndProject
Global
	GlobalSection(SolutionConfigurationPlatforms) = preSolution
		Debug|Any CPU = Debug|Any CPU
		Release|Any CPU = Release|Any CPU
	EndGlobalSection
	GlobalSection(ProjectConfigurationPlatforms) = postSolution
		{C99E0271-2272-411F-8E58-8D02479EFCD1}.Debug|Any CPU.ActiveCfg = Debug|Any CPU
		{C99E0271-2272-411F-8E58-8D02479EFCD1}.Debug|Any CPU.Build.0 = Debug|Any CPU
		{C99E0271-2272-411F-8E58-8D02479EFCD1}.Release|Any CPU.ActiveCfg = Release|Any CPU
		{C99E0271-2272-411F-8E58-8D02479EFCD1}.Release|Any CPU.Build.0 = Release|Any CPU
	EndGlobalSection
	GlobalSection(SolutionProperties) = preSolution
		HideSolutionNode = FALSE
	EndGlobalSection
	GlobalSection(ExtensibilityGlobals) = postSolution
		SolutionGuid = {677811D5-AFC1-4BE1-A6B1-E9F3747AEB28}
	EndGlobalSection
EndGlobal
